// !$*UTF8*$!
{
	archiveVersion = 1;
	classes = {
	};
	objectVersion = 46;
	objects = {

/* Begin PBXBuildFile section */
		0C3B815C1C4348920099BC1E /* CoreData.framework in Frameworks */ = {isa = PBXBuildFile; fileRef = 0C3B815B1C4348920099BC1E /* CoreData.framework */; };
		0C3B81B11C438BD70099BC1E /* ArchiverCache.m in Sources */ = {isa = PBXBuildFile; fileRef = 0C3B81B01C438BD70099BC1E /* ArchiverCache.m */; };
		0C9B9FAE1C4885BF00C899CE /* SingletonCache.m in Sources */ = {isa = PBXBuildFile; fileRef = 0C9B9FAD1C4885BF00C899CE /* SingletonCache.m */; };
		0C9B9FB41C48C01000C899CE /* MD5Encode.m in Sources */ = {isa = PBXBuildFile; fileRef = 0C9B9FB31C48C01000C899CE /* MD5Encode.m */; };
		0CBCC1361C3E110F0019142C /* MVVMTests.m in Sources */ = {isa = PBXBuildFile; fileRef = 0CBCC1351C3E110F0019142C /* MVVMTests.m */; };
		0CBCC1411C3E110F0019142C /* MVVMUITests.m in Sources */ = {isa = PBXBuildFile; fileRef = 0CBCC1401C3E110F0019142C /* MVVMUITests.m */; };
		0CBCC1531C3E118C0019142C /* WeatherModel.m in Sources */ = {isa = PBXBuildFile; fileRef = 0CBCC1521C3E118C0019142C /* WeatherModel.m */; };
		0CBCC1561C3E11A40019142C /* NetViewModel.m in Sources */ = {isa = PBXBuildFile; fileRef = 0CBCC1551C3E11A40019142C /* NetViewModel.m */; };
		0CBCC1591C3E11D50019142C /* ViewController.m in Sources */ = {isa = PBXBuildFile; fileRef = 0CBCC1581C3E11D50019142C /* ViewController.m */; };
		0CBCC15C1C3E11EC0019142C /* CustomView.m in Sources */ = {isa = PBXBuildFile; fileRef = 0CBCC15B1C3E11EC0019142C /* CustomView.m */; };
		0CBCC1A81C3F91B30019142C /* AppDelegate.m in Sources */ = {isa = PBXBuildFile; fileRef = 0CBCC1A31C3F91B30019142C /* AppDelegate.m */; };
		0CBCC1A91C3F91B30019142C /* Assets.xcassets in Resources */ = {isa = PBXBuildFile; fileRef = 0CBCC1A41C3F91B30019142C /* Assets.xcassets */; };
		0CBCC1AA1C3F91B30019142C /* Base.lproj in Resources */ = {isa = PBXBuildFile; fileRef = 0CBCC1A51C3F91B30019142C /* Base.lproj */; };
		0CBCC1AC1C3F91B30019142C /* main.m in Sources */ = {isa = PBXBuildFile; fileRef = 0CBCC1A71C3F91B30019142C /* main.m */; };
		0CBCC25E1C40AE6D0019142C /* Info.plist in Resources */ = {isa = PBXBuildFile; fileRef = 0CBCC25D1C40AE6D0019142C /* Info.plist */; };
		0CF3FCD21C45E56500CB3A9F /* Security.framework in Frameworks */ = {isa = PBXBuildFile; fileRef = 0CF3FCD11C45E56500CB3A9F /* Security.framework */; };
		0CF3FCDC1C462EB700CB3A9F /* KeyChainIO.m in Sources */ = {isa = PBXBuildFile; fileRef = 0CF3FCDB1C462EB700CB3A9F /* KeyChainIO.m */; };
		AD4CF5EE2CD45CAFC1DBE0ED /* libPods.a in Frameworks */ = {isa = PBXBuildFile; fileRef = 62DFD7076D24C9F1F2742587 /* libPods.a */; };
/* End PBXBuildFile section */

/* Begin PBXContainerItemProxy section */
		0CBCC1321C3E110F0019142C /* PBXContainerItemProxy */ = {
			isa = PBXContainerItemProxy;
			containerPortal = 0CBCC1101C3E110F0019142C /* Project object */;
			proxyType = 1;
			remoteGlobalIDString = 0CBCC1171C3E110F0019142C;
			remoteInfo = MVVM;
		};
		0CBCC13D1C3E110F0019142C /* PBXContainerItemProxy */ = {
			isa = PBXContainerItemProxy;
			containerPortal = 0CBCC1101C3E110F0019142C /* Project object */;
			proxyType = 1;
			remoteGlobalIDString = 0CBCC1171C3E110F0019142C;
			remoteInfo = MVVM;
		};
/* End PBXContainerItemProxy section */

/* Begin PBXFileReference section */
		0C3B815B1C4348920099BC1E /* CoreData.framework */ = {isa = PBXFileReference; lastKnownFileType = wrapper.framework; name = CoreData.framework; path = System/Library/Frameworks/CoreData.framework; sourceTree = SDKROOT; };
		0C3B81AF1C438BD70099BC1E /* ArchiverCache.h */ = {isa = PBXFileReference; fileEncoding = 4; lastKnownFileType = sourcecode.c.h; name = ArchiverCache.h; path = Cache/ArchiverCache.h; sourceTree = "<group>"; };
		0C3B81B01C438BD70099BC1E /* ArchiverCache.m */ = {isa = PBXFileReference; fileEncoding = 4; lastKnownFileType = sourcecode.c.objc; name = ArchiverCache.m; path = Cache/ArchiverCache.m; sourceTree = "<group>"; };
		0C9B9FAC1C4885BF00C899CE /* SingletonCache.h */ = {isa = PBXFileReference; fileEncoding = 4; lastKnownFileType = sourcecode.c.h; name = SingletonCache.h; path = Cache/SingletonCache.h; sourceTree = "<group>"; };
		0C9B9FAD1C4885BF00C899CE /* SingletonCache.m */ = {isa = PBXFileReference; fileEncoding = 4; lastKnownFileType = sourcecode.c.objc; name = SingletonCache.m; path = Cache/SingletonCache.m; sourceTree = "<group>"; };
		0C9B9FB21C48C01000C899CE /* MD5Encode.h */ = {isa = PBXFileReference; fileEncoding = 4; lastKnownFileType = sourcecode.c.h; name = MD5Encode.h; path = KeyChain/MD5Encode.h; sourceTree = "<group>"; };
		0C9B9FB31C48C01000C899CE /* MD5Encode.m */ = {isa = PBXFileReference; fileEncoding = 4; lastKnownFileType = sourcecode.c.objc; name = MD5Encode.m; path = KeyChain/MD5Encode.m; sourceTree = "<group>"; };
		0CBCC1181C3E110F0019142C /* MVVM.app */ = {isa = PBXFileReference; explicitFileType = wrapper.application; includeInIndex = 0; path = MVVM.app; sourceTree = BUILT_PRODUCTS_DIR; };
		0CBCC1311C3E110F0019142C /* MVVMTests.xctest */ = {isa = PBXFileReference; explicitFileType = wrapper.cfbundle; includeInIndex = 0; path = MVVMTests.xctest; sourceTree = BUILT_PRODUCTS_DIR; };
		0CBCC1351C3E110F0019142C /* MVVMTests.m */ = {isa = PBXFileReference; lastKnownFileType = sourcecode.c.objc; path = MVVMTests.m; sourceTree = "<group>"; };
		0CBCC1371C3E110F0019142C /* Info.plist */ = {isa = PBXFileReference; lastKnownFileType = text.plist.xml; path = Info.plist; sourceTree = "<group>"; };
		0CBCC13C1C3E110F0019142C /* MVVMUITests.xctest */ = {isa = PBXFileReference; explicitFileType = wrapper.cfbundle; includeInIndex = 0; path = MVVMUITests.xctest; sourceTree = BUILT_PRODUCTS_DIR; };
		0CBCC1401C3E110F0019142C /* MVVMUITests.m */ = {isa = PBXFileReference; lastKnownFileType = sourcecode.c.objc; path = MVVMUITests.m; sourceTree = "<group>"; };
		0CBCC1421C3E110F0019142C /* Info.plist */ = {isa = PBXFileReference; lastKnownFileType = text.plist.xml; path = Info.plist; sourceTree = "<group>"; };
		0CBCC1511C3E118C0019142C /* WeatherModel.h */ = {isa = PBXFileReference; fileEncoding = 4; lastKnownFileType = sourcecode.c.h; name = WeatherModel.h; path = Model/WeatherModel.h; sourceTree = "<group>"; };
		0CBCC1521C3E118C0019142C /* WeatherModel.m */ = {isa = PBXFileReference; fileEncoding = 4; lastKnownFileType = sourcecode.c.objc; name = WeatherModel.m; path = Model/WeatherModel.m; sourceTree = "<group>"; };
		0CBCC1541C3E11A40019142C /* NetViewModel.h */ = {isa = PBXFileReference; fileEncoding = 4; lastKnownFileType = sourcecode.c.h; name = NetViewModel.h; path = ViewModel/NetViewModel.h; sourceTree = "<group>"; };
		0CBCC1551C3E11A40019142C /* NetViewModel.m */ = {isa = PBXFileReference; fileEncoding = 4; lastKnownFileType = sourcecode.c.objc; name = NetViewModel.m; path = ViewModel/NetViewModel.m; sourceTree = "<group>"; };
		0CBCC1571C3E11D50019142C /* ViewController.h */ = {isa = PBXFileReference; fileEncoding = 4; lastKnownFileType = sourcecode.c.h; name = ViewController.h; path = ViewController/ViewController.h; sourceTree = "<group>"; };
		0CBCC1581C3E11D50019142C /* ViewController.m */ = {isa = PBXFileReference; fileEncoding = 4; lastKnownFileType = sourcecode.c.objc; name = ViewController.m; path = ViewController/ViewController.m; sourceTree = "<group>"; };
		0CBCC15A1C3E11EC0019142C /* CustomView.h */ = {isa = PBXFileReference; fileEncoding = 4; lastKnownFileType = sourcecode.c.h; name = CustomView.h; path = ViewController/CustomView.h; sourceTree = "<group>"; };
		0CBCC15B1C3E11EC0019142C /* CustomView.m */ = {isa = PBXFileReference; fileEncoding = 4; lastKnownFileType = sourcecode.c.objc; name = CustomView.m; path = ViewController/CustomView.m; sourceTree = "<group>"; };
		0CBCC1A21C3F91B30019142C /* AppDelegate.h */ = {isa = PBXFileReference; fileEncoding = 4; lastKnownFileType = sourcecode.c.h; name = AppDelegate.h; path = Support/AppDelegate.h; sourceTree = "<group>"; };
		0CBCC1A31C3F91B30019142C /* AppDelegate.m */ = {isa = PBXFileReference; fileEncoding = 4; lastKnownFileType = sourcecode.c.objc; name = AppDelegate.m; path = Support/AppDelegate.m; sourceTree = "<group>"; };
		0CBCC1A41C3F91B30019142C /* Assets.xcassets */ = {isa = PBXFileReference; lastKnownFileType = folder.assetcatalog; name = Assets.xcassets; path = Support/Assets.xcassets; sourceTree = "<group>"; };
		0CBCC1A51C3F91B30019142C /* Base.lproj */ = {isa = PBXFileReference; lastKnownFileType = folder; name = Base.lproj; path = Support/Base.lproj; sourceTree = "<group>"; };
		0CBCC1A71C3F91B30019142C /* main.m */ = {isa = PBXFileReference; fileEncoding = 4; lastKnownFileType = sourcecode.c.objc; name = main.m; path = Support/main.m; sourceTree = "<group>"; };
		0CBCC25D1C40AE6D0019142C /* Info.plist */ = {isa = PBXFileReference; fileEncoding = 4; lastKnownFileType = text.plist.xml; path = Info.plist; sourceTree = "<group>"; };
		0CF3FCD11C45E56500CB3A9F /* Security.framework */ = {isa = PBXFileReference; lastKnownFileType = wrapper.framework; name = Security.framework; path = System/Library/Frameworks/Security.framework; sourceTree = SDKROOT; };
		0CF3FCDA1C462EB700CB3A9F /* KeyChainIO.h */ = {isa = PBXFileReference; fileEncoding = 4; lastKnownFileType = sourcecode.c.h; name = KeyChainIO.h; path = KeyChain/KeyChainIO.h; sourceTree = "<group>"; };
		0CF3FCDB1C462EB700CB3A9F /* KeyChainIO.m */ = {isa = PBXFileReference; fileEncoding = 4; lastKnownFileType = sourcecode.c.objc; name = KeyChainIO.m; path = KeyChain/KeyChainIO.m; sourceTree = "<group>"; };
		62DFD7076D24C9F1F2742587 /* libPods.a */ = {isa = PBXFileReference; explicitFileType = archive.ar; includeInIndex = 0; path = libPods.a; sourceTree = BUILT_PRODUCTS_DIR; };
		98F97A7BB448CE15968100E3 /* Pods.release.xcconfig */ = {isa = PBXFileReference; includeInIndex = 1; lastKnownFileType = text.xcconfig; name = Pods.release.xcconfig; path = "Pods/Target Support Files/Pods/Pods.release.xcconfig"; sourceTree = "<group>"; };
		FA4854260CB4F8E00AE28794 /* Pods.debug.xcconfig */ = {isa = PBXFileReference; includeInIndex = 1; lastKnownFileType = text.xcconfig; name = Pods.debug.xcconfig; path = "Pods/Target Support Files/Pods/Pods.debug.xcconfig"; sourceTree = "<group>"; };
/* End PBXFileReference section */

/* Begin PBXFrameworksBuildPhase section */
		0CBCC1151C3E110F0019142C /* Frameworks */ = {
			isa = PBXFrameworksBuildPhase;
			buildActionMask = 2147483647;
			files = (
				0CF3FCD21C45E56500CB3A9F /* Security.framework in Frameworks */,
				0C3B815C1C4348920099BC1E /* CoreData.framework in Frameworks */,
				AD4CF5EE2CD45CAFC1DBE0ED /* libPods.a in Frameworks */,
			);
			runOnlyForDeploymentPostprocessing = 0;
		};
		0CBCC12E1C3E110F0019142C /* Frameworks */ = {
			isa = PBXFrameworksBuildPhase;
			buildActionMask = 2147483647;
			files = (
			);
			runOnlyForDeploymentPostprocessing = 0;
		};
		0CBCC1391C3E110F0019142C /* Frameworks */ = {
			isa = PBXFrameworksBuildPhase;
			buildActionMask = 2147483647;
			files = (
			);
			runOnlyForDeploymentPostprocessing = 0;
		};
/* End PBXFrameworksBuildPhase section */

/* Begin PBXGroup section */
		0C3B81AB1C438B660099BC1E /* Cache */ = {
			isa = PBXGroup;
			children = (
				0C3B81AF1C438BD70099BC1E /* ArchiverCache.h */,
				0C3B81B01C438BD70099BC1E /* ArchiverCache.m */,
				0C9B9FAC1C4885BF00C899CE /* SingletonCache.h */,
				0C9B9FAD1C4885BF00C899CE /* SingletonCache.m */,
			);
			name = Cache;
			sourceTree = "<group>";
		};
		0CBCC10F1C3E110F0019142C = {
			isa = PBXGroup;
			children = (
				0CBCC11A1C3E110F0019142C /* MVVM */,
				0CBCC1341C3E110F0019142C /* MVVMTests */,
				0CBCC13F1C3E110F0019142C /* MVVMUITests */,
				0CBCC1191C3E110F0019142C /* Products */,
				95ED31B5517450A1B9C6F84C /* Pods */,
				DC8E294EE9282AE5E55EDB3F /* Frameworks */,
			);
			sourceTree = "<group>";
		};
		0CBCC1191C3E110F0019142C /* Products */ = {
			isa = PBXGroup;
			children = (
				0CBCC1181C3E110F0019142C /* MVVM.app */,
				0CBCC1311C3E110F0019142C /* MVVMTests.xctest */,
				0CBCC13C1C3E110F0019142C /* MVVMUITests.xctest */,
			);
			name = Products;
			sourceTree = "<group>";
		};
		0CBCC11A1C3E110F0019142C /* MVVM */ = {
			isa = PBXGroup;
			children = (
				0CF3FCD91C462E7000CB3A9F /* KeyChain */,
				0C3B81AB1C438B660099BC1E /* Cache */,
				0CBCC1501C3E11650019142C /* Controller */,
				0CBCC14F1C3E115F0019142C /* ViewModel */,
				0CBCC14E1C3E11580019142C /* Model */,
				0CBCC11B1C3E110F0019142C /* Supporting Files */,
			);
			path = MVVM;
			sourceTree = "<group>";
		};
		0CBCC11B1C3E110F0019142C /* Supporting Files */ = {
			isa = PBXGroup;
			children = (
				0CBCC25D1C40AE6D0019142C /* Info.plist */,
				0CBCC1A21C3F91B30019142C /* AppDelegate.h */,
				0CBCC1A31C3F91B30019142C /* AppDelegate.m */,
				0CBCC1A41C3F91B30019142C /* Assets.xcassets */,
				0CBCC1A51C3F91B30019142C /* Base.lproj */,
				0CBCC1A71C3F91B30019142C /* main.m */,
			);
			name = "Supporting Files";
			sourceTree = "<group>";
		};
		0CBCC1341C3E110F0019142C /* MVVMTests */ = {
			isa = PBXGroup;
			children = (
				0CBCC1351C3E110F0019142C /* MVVMTests.m */,
				0CBCC1371C3E110F0019142C /* Info.plist */,
			);
			path = MVVMTests;
			sourceTree = "<group>";
		};
		0CBCC13F1C3E110F0019142C /* MVVMUITests */ = {
			isa = PBXGroup;
			children = (
				0CBCC1401C3E110F0019142C /* MVVMUITests.m */,
				0CBCC1421C3E110F0019142C /* Info.plist */,
			);
			path = MVVMUITests;
			sourceTree = "<group>";
		};
		0CBCC14E1C3E11580019142C /* Model */ = {
			isa = PBXGroup;
			children = (
				0CBCC1511C3E118C0019142C /* WeatherModel.h */,
				0CBCC1521C3E118C0019142C /* WeatherModel.m */,
			);
			name = Model;
			sourceTree = "<group>";
		};
		0CBCC14F1C3E115F0019142C /* ViewModel */ = {
			isa = PBXGroup;
			children = (
				0CBCC1541C3E11A40019142C /* NetViewModel.h */,
				0CBCC1551C3E11A40019142C /* NetViewModel.m */,
			);
			name = ViewModel;
			sourceTree = "<group>";
		};
		0CBCC1501C3E11650019142C /* Controller */ = {
			isa = PBXGroup;
			children = (
				0CBCC15A1C3E11EC0019142C /* CustomView.h */,
				0CBCC15B1C3E11EC0019142C /* CustomView.m */,
				0CBCC1571C3E11D50019142C /* ViewController.h */,
				0CBCC1581C3E11D50019142C /* ViewController.m */,
			);
			name = Controller;
			sourceTree = "<group>";
		};
		0CF3FCD91C462E7000CB3A9F /* KeyChain */ = {
			isa = PBXGroup;
			children = (
				0C9B9FB21C48C01000C899CE /* MD5Encode.h */,
				0C9B9FB31C48C01000C899CE /* MD5Encode.m */,
				0CF3FCDA1C462EB700CB3A9F /* KeyChainIO.h */,
				0CF3FCDB1C462EB700CB3A9F /* KeyChainIO.m */,
			);
			name = KeyChain;
			sourceTree = "<group>";
		};
		95ED31B5517450A1B9C6F84C /* Pods */ = {
			isa = PBXGroup;
			children = (
				FA4854260CB4F8E00AE28794 /* Pods.debug.xcconfig */,
				98F97A7BB448CE15968100E3 /* Pods.release.xcconfig */,
			);
			name = Pods;
			sourceTree = "<group>";
		};
		DC8E294EE9282AE5E55EDB3F /* Frameworks */ = {
			isa = PBXGroup;
			children = (
				0CF3FCD11C45E56500CB3A9F /* Security.framework */,
				0C3B815B1C4348920099BC1E /* CoreData.framework */,
				62DFD7076D24C9F1F2742587 /* libPods.a */,
			);
			name = Frameworks;
			sourceTree = "<group>";
		};
/* End PBXGroup section */

/* Begin PBXNativeTarget section */
		0CBCC1171C3E110F0019142C /* MVVM */ = {
			isa = PBXNativeTarget;
			buildConfigurationList = 0CBCC1451C3E110F0019142C /* Build configuration list for PBXNativeTarget "MVVM" */;
			buildPhases = (
				78FE4592B77CC7D87ADDFE06 /* Check Pods Manifest.lock */,
				0CBCC1141C3E110F0019142C /* Sources */,
				0CBCC1151C3E110F0019142C /* Frameworks */,
				0CBCC1161C3E110F0019142C /* Resources */,
				B3EB52461F0A5BBB63E14B5D /* Embed Pods Frameworks */,
				7926B0C067B178ABF2B355E6 /* Copy Pods Resources */,
			);
			buildRules = (
			);
			dependencies = (
			);
			name = MVVM;
			productName = MVVM;
			productReference = 0CBCC1181C3E110F0019142C /* MVVM.app */;
			productType = "com.apple.product-type.application";
		};
		0CBCC1301C3E110F0019142C /* MVVMTests */ = {
			isa = PBXNativeTarget;
			buildConfigurationList = 0CBCC1481C3E110F0019142C /* Build configuration list for PBXNativeTarget "MVVMTests" */;
			buildPhases = (
				0CBCC12D1C3E110F0019142C /* Sources */,
				0CBCC12E1C3E110F0019142C /* Frameworks */,
				0CBCC12F1C3E110F0019142C /* Resources */,
			);
			buildRules = (
			);
			dependencies = (
				0CBCC1331C3E110F0019142C /* PBXTargetDependency */,
			);
			name = MVVMTests;
			productName = MVVMTests;
			productReference = 0CBCC1311C3E110F0019142C /* MVVMTests.xctest */;
			productType = "com.apple.product-type.bundle.unit-test";
		};
		0CBCC13B1C3E110F0019142C /* MVVMUITests */ = {
			isa = PBXNativeTarget;
			buildConfigurationList = 0CBCC14B1C3E110F0019142C /* Build configuration list for PBXNativeTarget "MVVMUITests" */;
			buildPhases = (
				0CBCC1381C3E110F0019142C /* Sources */,
				0CBCC1391C3E110F0019142C /* Frameworks */,
				0CBCC13A1C3E110F0019142C /* Resources */,
			);
			buildRules = (
			);
			dependencies = (
				0CBCC13E1C3E110F0019142C /* PBXTargetDependency */,
			);
			name = MVVMUITests;
			productName = MVVMUITests;
			productReference = 0CBCC13C1C3E110F0019142C /* MVVMUITests.xctest */;
			productType = "com.apple.product-type.bundle.ui-testing";
		};
/* End PBXNativeTarget section */

/* Begin PBXProject section */
		0CBCC1101C3E110F0019142C /* Project object */ = {
			isa = PBXProject;
			attributes = {
				LastUpgradeCheck = 0720;
				ORGANIZATIONNAME = Meng;
				TargetAttributes = {
					0CBCC1171C3E110F0019142C = {
						CreatedOnToolsVersion = 7.2;
					};
					0CBCC1301C3E110F0019142C = {
						CreatedOnToolsVersion = 7.2;
						DevelopmentTeam = 5BJM9LWQJQ;
						TestTargetID = 0CBCC1171C3E110F0019142C;
					};
					0CBCC13B1C3E110F0019142C = {
						CreatedOnToolsVersion = 7.2;
						DevelopmentTeam = 5BJM9LWQJQ;
						TestTargetID = 0CBCC1171C3E110F0019142C;
					};
				};
			};
			buildConfigurationList = 0CBCC1131C3E110F0019142C /* Build configuration list for PBXProject "MVVM" */;
			compatibilityVersion = "Xcode 3.2";
			developmentRegion = English;
			hasScannedForEncodings = 0;
			knownRegions = (
				en,
				Base,
			);
			mainGroup = 0CBCC10F1C3E110F0019142C;
			productRefGroup = 0CBCC1191C3E110F0019142C /* Products */;
			projectDirPath = "";
			projectRoot = "";
			targets = (
				0CBCC1171C3E110F0019142C /* MVVM */,
				0CBCC1301C3E110F0019142C /* MVVMTests */,
				0CBCC13B1C3E110F0019142C /* MVVMUITests */,
			);
		};
/* End PBXProject section */

/* Begin PBXResourcesBuildPhase section */
		0CBCC1161C3E110F0019142C /* Resources */ = {
			isa = PBXResourcesBuildPhase;
			buildActionMask = 2147483647;
			files = (
				0CBCC1AA1C3F91B30019142C /* Base.lproj in Resources */,
				0CBCC1A91C3F91B30019142C /* Assets.xcassets in Resources */,
				0CBCC25E1C40AE6D0019142C /* Info.plist in Resources */,
			);
			runOnlyForDeploymentPostprocessing = 0;
		};
		0CBCC12F1C3E110F0019142C /* Resources */ = {
			isa = PBXResourcesBuildPhase;
			buildActionMask = 2147483647;
			files = (
			);
			runOnlyForDeploymentPostprocessing = 0;
		};
		0CBCC13A1C3E110F0019142C /* Resources */ = {
			isa = PBXResourcesBuildPhase;
			buildActionMask = 2147483647;
			files = (
			);
			runOnlyForDeploymentPostprocessing = 0;
		};
/* End PBXResourcesBuildPhase section */

/* Begin PBXShellScriptBuildPhase section */
		78FE4592B77CC7D87ADDFE06 /* Check Pods Manifest.lock */ = {
			isa = PBXShellScriptBuildPhase;
			buildActionMask = 2147483647;
			files = (
			);
			inputPaths = (
			);
			name = "Check Pods Manifest.lock";
			outputPaths = (
			);
			runOnlyForDeploymentPostprocessing = 0;
			shellPath = /bin/sh;
			shellScript = "diff \"${PODS_ROOT}/../Podfile.lock\" \"${PODS_ROOT}/Manifest.lock\" > /dev/null\nif [[ $? != 0 ]] ; then\n    cat << EOM\nerror: The sandbox is not in sync with the Podfile.lock. Run 'pod install' or update your CocoaPods installation.\nEOM\n    exit 1\nfi\n";
			showEnvVarsInLog = 0;
		};
		7926B0C067B178ABF2B355E6 /* Copy Pods Resources */ = {
			isa = PBXShellScriptBuildPhase;
			buildActionMask = 2147483647;
			files = (
			);
			inputPaths = (
			);
			name = "Copy Pods Resources";
			outputPaths = (
			);
			runOnlyForDeploymentPostprocessing = 0;
			shellPath = /bin/sh;
			shellScript = "\"${SRCROOT}/Pods/Target Support Files/Pods/Pods-resources.sh\"\n";
			showEnvVarsInLog = 0;
		};
		B3EB52461F0A5BBB63E14B5D /* Embed Pods Frameworks */ = {
			isa = PBXShellScriptBuildPhase;
			buildActionMask = 2147483647;
			files = (
			);
			inputPaths = (
			);
			name = "Embed Pods Frameworks";
			outputPaths = (
			);
			runOnlyForDeploymentPostprocessing = 0;
			shellPath = /bin/sh;
			shellScript = "\"${SRCROOT}/Pods/Target Support Files/Pods/Pods-frameworks.sh\"\n";
			showEnvVarsInLog = 0;
		};
/* End PBXShellScriptBuildPhase section */

/* Begin PBXSourcesBuildPhase section */
		0CBCC1141C3E110F0019142C /* Sources */ = {
			isa = PBXSourcesBuildPhase;
			buildActionMask = 2147483647;
			files = (
				0C9B9FB41C48C01000C899CE /* MD5Encode.m in Sources */,
				0CBCC1591C3E11D50019142C /* ViewController.m in Sources */,
				0C9B9FAE1C4885BF00C899CE /* SingletonCache.m in Sources */,
				0C3B81B11C438BD70099BC1E /* ArchiverCache.m in Sources */,
				0CBCC1561C3E11A40019142C /* NetViewModel.m in Sources */,
				0CBCC15C1C3E11EC0019142C /* CustomView.m in Sources */,
				0CBCC1531C3E118C0019142C /* WeatherModel.m in Sources */,
				0CF3FCDC1C462EB700CB3A9F /* KeyChainIO.m in Sources */,
				0CBCC1AC1C3F91B30019142C /* main.m in Sources */,
				0CBCC1A81C3F91B30019142C /* AppDelegate.m in Sources */,
			);
			runOnlyForDeploymentPostprocessing = 0;
		};
		0CBCC12D1C3E110F0019142C /* Sources */ = {
			isa = PBXSourcesBuildPhase;
			buildActionMask = 2147483647;
			files = (
				0CBCC1361C3E110F0019142C /* MVVMTests.m in Sources */,
			);
			runOnlyForDeploymentPostprocessing = 0;
		};
		0CBCC1381C3E110F0019142C /* Sources */ = {
			isa = PBXSourcesBuildPhase;
			buildActionMask = 2147483647;
			files = (
				0CBCC1411C3E110F0019142C /* MVVMUITests.m in Sources */,
			);
			runOnlyForDeploymentPostprocessing = 0;
		};
/* End PBXSourcesBuildPhase section */

/* Begin PBXTargetDependency section */
		0CBCC1331C3E110F0019142C /* PBXTargetDependency */ = {
			isa = PBXTargetDependency;
			target = 0CBCC1171C3E110F0019142C /* MVVM */;
			targetProxy = 0CBCC1321C3E110F0019142C /* PBXContainerItemProxy */;
		};
		0CBCC13E1C3E110F0019142C /* PBXTargetDependency */ = {
			isa = PBXTargetDependency;
			target = 0CBCC1171C3E110F0019142C /* MVVM */;
			targetProxy = 0CBCC13D1C3E110F0019142C /* PBXContainerItemProxy */;
		};
/* End PBXTargetDependency section */

/* Begin XCBuildConfiguration section */
		0CBCC1431C3E110F0019142C /* Debug */ = {
			isa = XCBuildConfiguration;
			buildSettings = {
				ALWAYS_SEARCH_USER_PATHS = NO;
				CLANG_CXX_LANGUAGE_STANDARD = "gnu++0x";
				CLANG_CXX_LIBRARY = "libc++";
				CLANG_ENABLE_MODULES = YES;
				CLANG_ENABLE_OBJC_ARC = YES;
				CLANG_WARN_BOOL_CONVERSION = YES;
				CLANG_WARN_CONSTANT_CONVERSION = YES;
				CLANG_WARN_DIRECT_OBJC_ISA_USAGE = YES_ERROR;
				CLANG_WARN_EMPTY_BODY = YES;
				CLANG_WARN_ENUM_CONVERSION = YES;
				CLANG_WARN_INT_CONVERSION = YES;
				CLANG_WARN_OBJC_ROOT_CLASS = YES_ERROR;
				CLANG_WARN_UNREACHABLE_CODE = YES;
				CLANG_WARN__DUPLICATE_METHOD_MATCH = YES;
				"CODE_SIGN_IDENTITY[sdk=iphoneos*]" = "iPhone Developer";
				COPY_PHASE_STRIP = NO;
				DEBUG_INFORMATION_FORMAT = dwarf;
				ENABLE_STRICT_OBJC_MSGSEND = YES;
				ENABLE_TESTABILITY = YES;
				GCC_C_LANGUAGE_STANDARD = gnu99;
				GCC_DYNAMIC_NO_PIC = NO;
				GCC_NO_COMMON_BLOCKS = YES;
				GCC_OPTIMIZATION_LEVEL = 0;
				GCC_PREPROCESSOR_DEFINITIONS = (
					"DEBUG=1",
					"$(inherited)",
				);
				GCC_WARN_64_TO_32_BIT_CONVERSION = YES;
				GCC_WARN_ABOUT_RETURN_TYPE = YES_ERROR;
				GCC_WARN_UNDECLARED_SELECTOR = YES;
				GCC_WARN_UNINITIALIZED_AUTOS = YES_AGGRESSIVE;
				GCC_WARN_UNUSED_FUNCTION = YES;
				GCC_WARN_UNUSED_VARIABLE = YES;
				IPHONEOS_DEPLOYMENT_TARGET = 9.2;
				MTL_ENABLE_DEBUG_INFO = YES;
				ONLY_ACTIVE_ARCH = YES;
				SDKROOT = iphoneos;
			};
			name = Debug;
		};
		0CBCC1441C3E110F0019142C /* Release */ = {
			isa = XCBuildConfiguration;
			buildSettings = {
				ALWAYS_SEARCH_USER_PATHS = NO;
				CLANG_CXX_LANGUAGE_STANDARD = "gnu++0x";
				CLANG_CXX_LIBRARY = "libc++";
				CLANG_ENABLE_MODULES = YES;
				CLANG_ENABLE_OBJC_ARC = YES;
				CLANG_WARN_BOOL_CONVERSION = YES;
				CLANG_WARN_CONSTANT_CONVERSION = YES;
				CLANG_WARN_DIRECT_OBJC_ISA_USAGE = YES_ERROR;
				CLANG_WARN_EMPTY_BODY = YES;
				CLANG_WARN_ENUM_CONVERSION = YES;
				CLANG_WARN_INT_CONVERSION = YES;
				CLANG_WARN_OBJC_ROOT_CLASS = YES_ERROR;
				CLANG_WARN_UNREACHABLE_CODE = YES;
				CLANG_WARN__DUPLICATE_METHOD_MATCH = YES;
				"CODE_SIGN_IDENTITY[sdk=iphoneos*]" = "iPhone Developer";
				COPY_PHASE_STRIP = NO;
				DEBUG_INFORMATION_FORMAT = "dwarf-with-dsym";
				ENABLE_NS_ASSERTIONS = NO;
				ENABLE_STRICT_OBJC_MSGSEND = YES;
				GCC_C_LANGUAGE_STANDARD = gnu99;
				GCC_NO_COMMON_BLOCKS = YES;
				GCC_WARN_64_TO_32_BIT_CONVERSION = YES;
				GCC_WARN_ABOUT_RETURN_TYPE = YES_ERROR;
				GCC_WARN_UNDECLARED_SELECTOR = YES;
				GCC_WARN_UNINITIALIZED_AUTOS = YES_AGGRESSIVE;
				GCC_WARN_UNUSED_FUNCTION = YES;
				GCC_WARN_UNUSED_VARIABLE = YES;
				IPHONEOS_DEPLOYMENT_TARGET = 9.2;
				MTL_ENABLE_DEBUG_INFO = NO;
				SDKROOT = iphoneos;
				VALIDATE_PRODUCT = YES;
			};
			name = Release;
		};
		0CBCC1461C3E110F0019142C /* Debug */ = {
			isa = XCBuildConfiguration;
			baseConfigurationReference = FA4854260CB4F8E00AE28794 /* Pods.debug.xcconfig */;
			buildSettings = {
				ASSETCATALOG_COMPILER_APPICON_NAME = AppIcon;
				CODE_SIGN_IDENTITY = "iPhone Developer";
				INFOPLIST_FILE = MVVM/Info.plist;
				LD_RUNPATH_SEARCH_PATHS = "$(inherited) @executable_path/Frameworks";
				PRODUCT_BUNDLE_IDENTIFIER = Com.M1989.MVVM;
				PRODUCT_NAME = "$(TARGET_NAME)";
			};
			name = Debug;
		};
		0CBCC1471C3E110F0019142C /* Release */ = {
			isa = XCBuildConfiguration;
			baseConfigurationReference = 98F97A7BB448CE15968100E3 /* Pods.release.xcconfig */;
			buildSettings = {
				ASSETCATALOG_COMPILER_APPICON_NAME = AppIcon;
				CODE_SIGN_IDENTITY = "iPhone Developer";
				INFOPLIST_FILE = MVVM/Info.plist;
				LD_RUNPATH_SEARCH_PATHS = "$(inherited) @executable_path/Frameworks";
				PRODUCT_BUNDLE_IDENTIFIER = Com.M1989.MVVM;
				PRODUCT_NAME = "$(TARGET_NAME)";
			};
			name = Release;
		};
		0CBCC1491C3E110F0019142C /* Debug */ = {
			isa = XCBuildConfiguration;
			buildSettings = {
				BUNDLE_LOADER = "$(TEST_HOST)";
				INFOPLIST_FILE = MVVMTests/Info.plist;
				LD_RUNPATH_SEARCH_PATHS = "$(inherited) @executable_path/Frameworks @loader_path/Frameworks";
				PRODUCT_BUNDLE_IDENTIFIER = Com.M1989.MVVMTests;
				PRODUCT_NAME = "$(TARGET_NAME)";
				TEST_HOST = "$(BUILT_PRODUCTS_DIR)/MVVM.app/MVVM";
			};
			name = Debug;
		};
		0CBCC14A1C3E110F0019142C /* Release */ = {
			isa = XCBuildConfiguration;
			buildSettings = {
				BUNDLE_LOADER = "$(TEST_HOST)";
				INFOPLIST_FILE = MVVMTests/Info.plist;
				LD_RUNPATH_SEARCH_PATHS = "$(inherited) @executable_path/Frameworks @loader_path/Frameworks";
				PRODUCT_BUNDLE_IDENTIFIER = Com.M1989.MVVMTests;
				PRODUCT_NAME = "$(TARGET_NAME)";
				TEST_HOST = "$(BUILT_PRODUCTS_DIR)/MVVM.app/MVVM";
			};
			name = Release;
		};
		0CBCC14C1C3E110F0019142C /* Debug */ = {
			isa = XCBuildConfiguration;
			buildSettings = {
				INFOPLIST_FILE = MVVMUITests/Info.plist;
				LD_RUNPATH_SEARCH_PATHS = "$(inherited) @executable_path/Frameworks @loader_path/Frameworks";
				PRODUCT_BUNDLE_IDENTIFIER = Com.M1989.MVVMUITests;
				PRODUCT_NAME = "$(TARGET_NAME)";
				TEST_TARGET_NAME = MVVM;
				USES_XCTRUNNER = YES;
			};
			name = Debug;
		};
		0CBCC14D1C3E110F0019142C /* Release */ = {
			isa = XCBuildConfiguration;
			buildSettings = {
				INFOPLIST_FILE = MVVMUITests/Info.plist;
				LD_RUNPATH_SEARCH_PATHS = "$(inherited) @executable_path/Frameworks @loader_path/Frameworks";
				PRODUCT_BUNDLE_IDENTIFIER = Com.M1989.MVVMUITests;
				PRODUCT_NAME = "$(TARGET_NAME)";
				TEST_TARGET_NAME = MVVM;
				USES_XCTRUNNER = YES;
			};
			name = Release;
		};
/* End XCBuildConfiguration section */

/* Begin XCConfigurationList section */
		0CBCC1131C3E110F0019142C /* Build configuration list for PBXProject "MVVM" */ = {
			isa = XCConfigurationList;
			buildConfigurations = (
				0CBCC1431C3E110F0019142C /* Debug */,
				0CBCC1441C3E110F0019142C /* Release */,
			);
			defaultConfigurationIsVisible = 0;
			defaultConfigurationName = Release;
		};
		0CBCC1451C3E110F0019142C /* Build configuration list for PBXNativeTarget "MVVM" */ = {
			isa = XCConfigurationList;
			buildConfigurations = (
				0CBCC1461C3E110F0019142C /* Debug */,
				0CBCC1471C3E110F0019142C /* Release */,
			);
			defaultConfigurationIsVisible = 0;
			defaultConfigurationName = Release;
		};
		0CBCC1481C3E110F0019142C /* Build configuration list for PBXNativeTarget "MVVMTests" */ = {
			isa = XCConfigurationList;
			buildConfigurations = (
				0CBCC1491C3E110F0019142C /* Debug */,
				0CBCC14A1C3E110F0019142C /* Release */,
			);
			defaultConfigurationIsVisible = 0;
			defaultConfigurationName = Release;
		};
		0CBCC14B1C3E110F0019142C /* Build configuration list for PBXNativeTarget "MVVMUITests" */ = {
			isa = XCConfigurationList;
			buildConfigurations = (
				0CBCC14C1C3E110F0019142C /* Debug */,
				0CBCC14D1C3E110F0019142C /* Release */,
			);
			defaultConfigurationIsVisible = 0;
			defaultConfigurationName = Release;
		};
/* End XCConfigurationList section */
	};
	rootObject = 0CBCC1101C3E110F0019142C /* Project object */;
}
